// !$*UTF8*$!
{
	archiveVersion = 1;
	classes = {
	};
	objectVersion = 46;
	objects = {

/* Begin PBXAggregateTarget section */
		AB73502B175B76040006E22D /* Mogenerator */ = {
			isa = PBXAggregateTarget;
			buildConfigurationList = AB73502C175B76040006E22D /* Build configuration list for PBXAggregateTarget "Mogenerator" */;
			buildPhases = (
				AB73502F175B76150006E22D /* ShellScript */,
			);
			dependencies = (
			);
			name = Mogenerator;
			productName = Mogenerator;
		};
/* End PBXAggregateTarget section */

/* Begin PBXBuildFile section */
		AB1F83A8176E509B00CE3C6E /* RGBaseTVC.m in Sources */ = {isa = PBXBuildFile; fileRef = AB1F83A7176E509B00CE3C6E /* RGBaseTVC.m */; };
		AB1F83A9176E509B00CE3C6E /* RGBaseTVC.m in Sources */ = {isa = PBXBuildFile; fileRef = AB1F83A7176E509B00CE3C6E /* RGBaseTVC.m */; };
		AB1F83AC176E582500CE3C6E /* RGItemsTVC.m in Sources */ = {isa = PBXBuildFile; fileRef = AB1F83AB176E582500CE3C6E /* RGItemsTVC.m */; };
		AB1F83AD176E582500CE3C6E /* RGItemsTVC.m in Sources */ = {isa = PBXBuildFile; fileRef = AB1F83AB176E582500CE3C6E /* RGItemsTVC.m */; };
		AB43433518A5587E00D7E7E7 /* RGFeedManager.m in Sources */ = {isa = PBXBuildFile; fileRef = AB43433418A5587E00D7E7E7 /* RGFeedManager.m */; };
		AB43433618A5587E00D7E7E7 /* RGFeedManager.m in Sources */ = {isa = PBXBuildFile; fileRef = AB43433418A5587E00D7E7E7 /* RGFeedManager.m */; };
		AB4639B218A561360081E912 /* XCTest.framework in Frameworks */ = {isa = PBXBuildFile; fileRef = AB4639B118A561360081E912 /* XCTest.framework */; };
		AB4639B318A561360081E912 /* Foundation.framework in Frameworks */ = {isa = PBXBuildFile; fileRef = AB712B24175A8A850039AC42 /* Foundation.framework */; };
		AB4639B418A561360081E912 /* UIKit.framework in Frameworks */ = {isa = PBXBuildFile; fileRef = AB712B22175A8A850039AC42 /* UIKit.framework */; };
		AB4639BA18A561360081E912 /* InfoPlist.strings in Resources */ = {isa = PBXBuildFile; fileRef = AB4639B818A561360081E912 /* InfoPlist.strings */; };
		AB712B23175A8A850039AC42 /* UIKit.framework in Frameworks */ = {isa = PBXBuildFile; fileRef = AB712B22175A8A850039AC42 /* UIKit.framework */; };
		AB712B25175A8A850039AC42 /* Foundation.framework in Frameworks */ = {isa = PBXBuildFile; fileRef = AB712B24175A8A850039AC42 /* Foundation.framework */; };
		AB712B27175A8A850039AC42 /* CoreGraphics.framework in Frameworks */ = {isa = PBXBuildFile; fileRef = AB712B26175A8A850039AC42 /* CoreGraphics.framework */; };
		AB712B29175A8A850039AC42 /* CoreData.framework in Frameworks */ = {isa = PBXBuildFile; fileRef = AB712B28175A8A850039AC42 /* CoreData.framework */; };
		AB712B2F175A8A850039AC42 /* InfoPlist.strings in Resources */ = {isa = PBXBuildFile; fileRef = AB712B2D175A8A850039AC42 /* InfoPlist.strings */; };
		AB712B31175A8A850039AC42 /* main.m in Sources */ = {isa = PBXBuildFile; fileRef = AB712B30175A8A850039AC42 /* main.m */; };
		AB712B35175A8A850039AC42 /* RGAppDelegate.m in Sources */ = {isa = PBXBuildFile; fileRef = AB712B34175A8A850039AC42 /* RGAppDelegate.m */; };
		AB712B37175A8A860039AC42 /* Default.png in Resources */ = {isa = PBXBuildFile; fileRef = AB712B36175A8A860039AC42 /* Default.png */; };
		AB712B39175A8A860039AC42 /* Default@2x.png in Resources */ = {isa = PBXBuildFile; fileRef = AB712B38175A8A860039AC42 /* Default@2x.png */; };
		AB712B3B175A8A860039AC42 /* Default-568h@2x.png in Resources */ = {isa = PBXBuildFile; fileRef = AB712B3A175A8A860039AC42 /* Default-568h@2x.png */; };
		AB712B3E175A8A860039AC42 /* MainStoryboard_iPhone.storyboard in Resources */ = {isa = PBXBuildFile; fileRef = AB712B3C175A8A860039AC42 /* MainStoryboard_iPhone.storyboard */; };
		AB712B41175A8A860039AC42 /* MainStoryboard_iPad.storyboard in Resources */ = {isa = PBXBuildFile; fileRef = AB712B3F175A8A860039AC42 /* MainStoryboard_iPad.storyboard */; };
		AB712B44175A8A860039AC42 /* RGRSS.xcdatamodeld in Sources */ = {isa = PBXBuildFile; fileRef = AB712B42175A8A860039AC42 /* RGRSS.xcdatamodeld */; };
		AB712B47175A8A860039AC42 /* RGMasterViewController.m in Sources */ = {isa = PBXBuildFile; fileRef = AB712B46175A8A860039AC42 /* RGMasterViewController.m */; };
		AB712B4A175A8A860039AC42 /* RGDetailViewController.m in Sources */ = {isa = PBXBuildFile; fileRef = AB712B49175A8A860039AC42 /* RGDetailViewController.m */; };
		AB712B52175A8A860039AC42 /* SenTestingKit.framework in Frameworks */ = {isa = PBXBuildFile; fileRef = AB712B51175A8A860039AC42 /* SenTestingKit.framework */; };
		AB712B53175A8A860039AC42 /* UIKit.framework in Frameworks */ = {isa = PBXBuildFile; fileRef = AB712B22175A8A850039AC42 /* UIKit.framework */; };
		AB712B54175A8A860039AC42 /* Foundation.framework in Frameworks */ = {isa = PBXBuildFile; fileRef = AB712B24175A8A850039AC42 /* Foundation.framework */; };
		AB712B55175A8A860039AC42 /* CoreData.framework in Frameworks */ = {isa = PBXBuildFile; fileRef = AB712B28175A8A850039AC42 /* CoreData.framework */; };
		AB712B5D175A8A860039AC42 /* InfoPlist.strings in Resources */ = {isa = PBXBuildFile; fileRef = AB712B5B175A8A860039AC42 /* InfoPlist.strings */; };
		AB712B60175A8A860039AC42 /* RGRSSTests.m in Sources */ = {isa = PBXBuildFile; fileRef = AB712B5F175A8A860039AC42 /* RGRSSTests.m */; };
		AB730946175AA281006BC71C /* NSDate_FeedParserExtensions.m in Sources */ = {isa = PBXBuildFile; fileRef = AB730927175AA281006BC71C /* NSDate_FeedParserExtensions.m */; settings = {COMPILER_FLAGS = "-fno-objc-arc"; }; };
		AB730947175AA281006BC71C /* NSDate_FeedParserExtensions.m in Sources */ = {isa = PBXBuildFile; fileRef = AB730927175AA281006BC71C /* NSDate_FeedParserExtensions.m */; settings = {COMPILER_FLAGS = "-fno-objc-arc"; }; };
		AB730948175AA281006BC71C /* NSString_extensions.m in Sources */ = {isa = PBXBuildFile; fileRef = AB730929175AA281006BC71C /* NSString_extensions.m */; settings = {COMPILER_FLAGS = "-fno-objc-arc"; }; };
		AB730949175AA281006BC71C /* NSString_extensions.m in Sources */ = {isa = PBXBuildFile; fileRef = AB730929175AA281006BC71C /* NSString_extensions.m */; settings = {COMPILER_FLAGS = "-fno-objc-arc"; }; };
		AB73094A175AA281006BC71C /* FPCategory.m in Sources */ = {isa = PBXBuildFile; fileRef = AB73092C175AA281006BC71C /* FPCategory.m */; settings = {COMPILER_FLAGS = "-fno-objc-arc"; }; };
		AB73094B175AA281006BC71C /* FPCategory.m in Sources */ = {isa = PBXBuildFile; fileRef = AB73092C175AA281006BC71C /* FPCategory.m */; settings = {COMPILER_FLAGS = "-fno-objc-arc"; }; };
		AB73094C175AA281006BC71C /* FPEnclosure.m in Sources */ = {isa = PBXBuildFile; fileRef = AB73092E175AA281006BC71C /* FPEnclosure.m */; settings = {COMPILER_FLAGS = "-fno-objc-arc"; }; };
		AB73094D175AA281006BC71C /* FPEnclosure.m in Sources */ = {isa = PBXBuildFile; fileRef = AB73092E175AA281006BC71C /* FPEnclosure.m */; settings = {COMPILER_FLAGS = "-fno-objc-arc"; }; };
		AB73094E175AA281006BC71C /* FPFeed.m in Sources */ = {isa = PBXBuildFile; fileRef = AB730931175AA281006BC71C /* FPFeed.m */; settings = {COMPILER_FLAGS = "-fno-objc-arc"; }; };
		AB73094F175AA281006BC71C /* FPFeed.m in Sources */ = {isa = PBXBuildFile; fileRef = AB730931175AA281006BC71C /* FPFeed.m */; settings = {COMPILER_FLAGS = "-fno-objc-arc"; }; };
		AB730950175AA281006BC71C /* FPItem.m in Sources */ = {isa = PBXBuildFile; fileRef = AB730933175AA281006BC71C /* FPItem.m */; settings = {COMPILER_FLAGS = "-fno-objc-arc"; }; };
		AB730951175AA281006BC71C /* FPItem.m in Sources */ = {isa = PBXBuildFile; fileRef = AB730933175AA281006BC71C /* FPItem.m */; settings = {COMPILER_FLAGS = "-fno-objc-arc"; }; };
		AB730952175AA281006BC71C /* FPLink.m in Sources */ = {isa = PBXBuildFile; fileRef = AB730935175AA281006BC71C /* FPLink.m */; settings = {COMPILER_FLAGS = "-fno-objc-arc"; }; };
		AB730953175AA281006BC71C /* FPLink.m in Sources */ = {isa = PBXBuildFile; fileRef = AB730935175AA281006BC71C /* FPLink.m */; settings = {COMPILER_FLAGS = "-fno-objc-arc"; }; };
		AB730954175AA281006BC71C /* FPParser.m in Sources */ = {isa = PBXBuildFile; fileRef = AB730937175AA281006BC71C /* FPParser.m */; settings = {COMPILER_FLAGS = "-fno-objc-arc"; }; };
		AB730955175AA281006BC71C /* FPParser.m in Sources */ = {isa = PBXBuildFile; fileRef = AB730937175AA281006BC71C /* FPParser.m */; settings = {COMPILER_FLAGS = "-fno-objc-arc"; }; };
		AB730956175AA281006BC71C /* FPXMLPair.m in Sources */ = {isa = PBXBuildFile; fileRef = AB73093B175AA281006BC71C /* FPXMLPair.m */; settings = {COMPILER_FLAGS = "-fno-objc-arc"; }; };
		AB730957175AA281006BC71C /* FPXMLPair.m in Sources */ = {isa = PBXBuildFile; fileRef = AB73093B175AA281006BC71C /* FPXMLPair.m */; settings = {COMPILER_FLAGS = "-fno-objc-arc"; }; };
		AB730958175AA281006BC71C /* FPXMLParser.m in Sources */ = {isa = PBXBuildFile; fileRef = AB73093D175AA281006BC71C /* FPXMLParser.m */; settings = {COMPILER_FLAGS = "-fno-objc-arc"; }; };
		AB730959175AA281006BC71C /* FPXMLParser.m in Sources */ = {isa = PBXBuildFile; fileRef = AB73093D175AA281006BC71C /* FPXMLParser.m */; settings = {COMPILER_FLAGS = "-fno-objc-arc"; }; };
		AB73095A175AA281006BC71C /* FPExtensionElementNode.m in Sources */ = {isa = PBXBuildFile; fileRef = AB730941175AA281006BC71C /* FPExtensionElementNode.m */; settings = {COMPILER_FLAGS = "-fno-objc-arc"; }; };
		AB73095B175AA281006BC71C /* FPExtensionElementNode.m in Sources */ = {isa = PBXBuildFile; fileRef = AB730941175AA281006BC71C /* FPExtensionElementNode.m */; settings = {COMPILER_FLAGS = "-fno-objc-arc"; }; };
		AB73095C175AA281006BC71C /* FPExtensionNode.m in Sources */ = {isa = PBXBuildFile; fileRef = AB730943175AA281006BC71C /* FPExtensionNode.m */; settings = {COMPILER_FLAGS = "-fno-objc-arc"; }; };
		AB73095D175AA281006BC71C /* FPExtensionNode.m in Sources */ = {isa = PBXBuildFile; fileRef = AB730943175AA281006BC71C /* FPExtensionNode.m */; settings = {COMPILER_FLAGS = "-fno-objc-arc"; }; };
		AB73095E175AA281006BC71C /* FPExtensionTextNode.m in Sources */ = {isa = PBXBuildFile; fileRef = AB730945175AA281006BC71C /* FPExtensionTextNode.m */; settings = {COMPILER_FLAGS = "-fno-objc-arc"; }; };
		AB73095F175AA281006BC71C /* FPExtensionTextNode.m in Sources */ = {isa = PBXBuildFile; fileRef = AB730945175AA281006BC71C /* FPExtensionTextNode.m */; settings = {COMPILER_FLAGS = "-fno-objc-arc"; }; };
		AB735040175B77010006E22D /* _RGCategory.m in Sources */ = {isa = PBXBuildFile; fileRef = AB735031175B77000006E22D /* _RGCategory.m */; };
		AB735041175B77010006E22D /* _RGCategory.m in Sources */ = {isa = PBXBuildFile; fileRef = AB735031175B77000006E22D /* _RGCategory.m */; };
		AB735042175B77010006E22D /* _RGChannel.m in Sources */ = {isa = PBXBuildFile; fileRef = AB735033175B77000006E22D /* _RGChannel.m */; };
		AB735043175B77010006E22D /* _RGChannel.m in Sources */ = {isa = PBXBuildFile; fileRef = AB735033175B77000006E22D /* _RGChannel.m */; };
		AB735044175B77010006E22D /* _RGItem.m in Sources */ = {isa = PBXBuildFile; fileRef = AB735035175B77000006E22D /* _RGItem.m */; };
		AB735045175B77010006E22D /* _RGItem.m in Sources */ = {isa = PBXBuildFile; fileRef = AB735035175B77000006E22D /* _RGItem.m */; };
		AB735046175B77010006E22D /* _RGLink.m in Sources */ = {isa = PBXBuildFile; fileRef = AB735037175B77010006E22D /* _RGLink.m */; };
		AB735047175B77010006E22D /* _RGLink.m in Sources */ = {isa = PBXBuildFile; fileRef = AB735037175B77010006E22D /* _RGLink.m */; };
		AB735048175B77010006E22D /* RGCategory.m in Sources */ = {isa = PBXBuildFile; fileRef = AB735039175B77010006E22D /* RGCategory.m */; };
		AB735049175B77010006E22D /* RGCategory.m in Sources */ = {isa = PBXBuildFile; fileRef = AB735039175B77010006E22D /* RGCategory.m */; };
		AB73504A175B77010006E22D /* RGChannel.m in Sources */ = {isa = PBXBuildFile; fileRef = AB73503B175B77010006E22D /* RGChannel.m */; };
		AB73504B175B77010006E22D /* RGChannel.m in Sources */ = {isa = PBXBuildFile; fileRef = AB73503B175B77010006E22D /* RGChannel.m */; };
		AB73504C175B77010006E22D /* RGItem.m in Sources */ = {isa = PBXBuildFile; fileRef = AB73503D175B77010006E22D /* RGItem.m */; };
		AB73504D175B77010006E22D /* RGItem.m in Sources */ = {isa = PBXBuildFile; fileRef = AB73503D175B77010006E22D /* RGItem.m */; };
		AB73504E175B77010006E22D /* RGLink.m in Sources */ = {isa = PBXBuildFile; fileRef = AB73503F175B77010006E22D /* RGLink.m */; };
		AB73504F175B77010006E22D /* RGLink.m in Sources */ = {isa = PBXBuildFile; fileRef = AB73503F175B77010006E22D /* RGLink.m */; };
		ABB09311175A9B4E00D58E2B /* rss2sample.xml.rss in Resources */ = {isa = PBXBuildFile; fileRef = ABB09310175A9B4E00D58E2B /* rss2sample.xml.rss */; };
		ABB09312175A9B4E00D58E2B /* rss2sample.xml.rss in Resources */ = {isa = PBXBuildFile; fileRef = ABB09310175A9B4E00D58E2B /* rss2sample.xml.rss */; };
		ABD88E3718A5641700E97B61 /* RGSampleSpec.m in Sources */ = {isa = PBXBuildFile; fileRef = ABD88E3618A5641700E97B61 /* RGSampleSpec.m */; };
		ABF6983117B6FF61002B59E7 /* spiegelIndex.rss in Resources */ = {isa = PBXBuildFile; fileRef = ABF6983017B6FF61002B59E7 /* spiegelIndex.rss */; };
		ABF6983217B6FF61002B59E7 /* spiegelIndex.rss in Resources */ = {isa = PBXBuildFile; fileRef = ABF6983017B6FF61002B59E7 /* spiegelIndex.rss */; };
		C1141842B8B04714ADDC6535 /* libPods.a in Frameworks */ = {isa = PBXBuildFile; fileRef = 896FDD43BD36420FA5C52546 /* libPods.a */; };
		EDF88A450A11430697EEEC8B /* libPods-RGRSSTestsXC.a in Frameworks */ = {isa = PBXBuildFile; fileRef = 885D7503646F4522BE991822 /* libPods-RGRSSTestsXC.a */; };
/* End PBXBuildFile section */

/* Begin PBXContainerItemProxy section */
		AB4639BE18A561360081E912 /* PBXContainerItemProxy */ = {
			isa = PBXContainerItemProxy;
			containerPortal = AB712B17175A8A850039AC42 /* Project object */;
			proxyType = 1;
			remoteGlobalIDString = AB712B1E175A8A850039AC42;
			remoteInfo = RGRSS;
		};
		AB712B56175A8A860039AC42 /* PBXContainerItemProxy */ = {
			isa = PBXContainerItemProxy;
			containerPortal = AB712B17175A8A850039AC42 /* Project object */;
			proxyType = 1;
			remoteGlobalIDString = AB712B1E175A8A850039AC42;
			remoteInfo = RGRSS;
		};
/* End PBXContainerItemProxy section */

/* Begin PBXFileReference section */
		885D7503646F4522BE991822 /* libPods-RGRSSTestsXC.a */ = {isa = PBXFileReference; explicitFileType = archive.ar; includeInIndex = 0; path = "libPods-RGRSSTestsXC.a"; sourceTree = BUILT_PRODUCTS_DIR; };
		896FDD43BD36420FA5C52546 /* libPods.a */ = {isa = PBXFileReference; explicitFileType = archive.ar; includeInIndex = 0; path = libPods.a; sourceTree = BUILT_PRODUCTS_DIR; };
		AB1F83A6176E509B00CE3C6E /* RGBaseTVC.h */ = {isa = PBXFileReference; fileEncoding = 4; lastKnownFileType = sourcecode.c.h; path = RGBaseTVC.h; sourceTree = "<group>"; };
		AB1F83A7176E509B00CE3C6E /* RGBaseTVC.m */ = {isa = PBXFileReference; fileEncoding = 4; lastKnownFileType = sourcecode.c.objc; path = RGBaseTVC.m; sourceTree = "<group>"; };
		AB1F83AA176E582400CE3C6E /* RGItemsTVC.h */ = {isa = PBXFileReference; fileEncoding = 4; lastKnownFileType = sourcecode.c.h; path = RGItemsTVC.h; sourceTree = "<group>"; };
		AB1F83AB176E582500CE3C6E /* RGItemsTVC.m */ = {isa = PBXFileReference; fileEncoding = 4; lastKnownFileType = sourcecode.c.objc; path = RGItemsTVC.m; sourceTree = "<group>"; };
		AB43433318A5587E00D7E7E7 /* RGFeedManager.h */ = {isa = PBXFileReference; fileEncoding = 4; lastKnownFileType = sourcecode.c.h; path = RGFeedManager.h; sourceTree = "<group>"; };
		AB43433418A5587E00D7E7E7 /* RGFeedManager.m */ = {isa = PBXFileReference; fileEncoding = 4; lastKnownFileType = sourcecode.c.objc; path = RGFeedManager.m; sourceTree = "<group>"; };
		AB4639B018A561360081E912 /* RGRSSTestsXC.xctest */ = {isa = PBXFileReference; explicitFileType = wrapper.cfbundle; includeInIndex = 0; path = RGRSSTestsXC.xctest; sourceTree = BUILT_PRODUCTS_DIR; };
		AB4639B118A561360081E912 /* XCTest.framework */ = {isa = PBXFileReference; lastKnownFileType = wrapper.framework; name = XCTest.framework; path = Library/Frameworks/XCTest.framework; sourceTree = DEVELOPER_DIR; };
		AB4639B718A561360081E912 /* RGRSSTestsXC-Info.plist */ = {isa = PBXFileReference; lastKnownFileType = text.plist.xml; path = "RGRSSTestsXC-Info.plist"; sourceTree = "<group>"; };
		AB4639B918A561360081E912 /* en */ = {isa = PBXFileReference; lastKnownFileType = text.plist.strings; name = en; path = en.lproj/InfoPlist.strings; sourceTree = "<group>"; };
		AB4639BD18A561360081E912 /* RGRSSTestsXC-Prefix.pch */ = {isa = PBXFileReference; lastKnownFileType = sourcecode.c.h; path = "RGRSSTestsXC-Prefix.pch"; sourceTree = "<group>"; };
		AB712B1F175A8A850039AC42 /* RGRSS.app */ = {isa = PBXFileReference; explicitFileType = wrapper.application; includeInIndex = 0; path = RGRSS.app; sourceTree = BUILT_PRODUCTS_DIR; };
		AB712B22175A8A850039AC42 /* UIKit.framework */ = {isa = PBXFileReference; lastKnownFileType = wrapper.framework; name = UIKit.framework; path = System/Library/Frameworks/UIKit.framework; sourceTree = SDKROOT; };
		AB712B24175A8A850039AC42 /* Foundation.framework */ = {isa = PBXFileReference; lastKnownFileType = wrapper.framework; name = Foundation.framework; path = System/Library/Frameworks/Foundation.framework; sourceTree = SDKROOT; };
		AB712B26175A8A850039AC42 /* CoreGraphics.framework */ = {isa = PBXFileReference; lastKnownFileType = wrapper.framework; name = CoreGraphics.framework; path = System/Library/Frameworks/CoreGraphics.framework; sourceTree = SDKROOT; };
		AB712B28175A8A850039AC42 /* CoreData.framework */ = {isa = PBXFileReference; lastKnownFileType = wrapper.framework; name = CoreData.framework; path = System/Library/Frameworks/CoreData.framework; sourceTree = SDKROOT; };
		AB712B2C175A8A850039AC42 /* RGRSS-Info.plist */ = {isa = PBXFileReference; lastKnownFileType = text.plist.xml; path = "RGRSS-Info.plist"; sourceTree = "<group>"; };
		AB712B2E175A8A850039AC42 /* en */ = {isa = PBXFileReference; lastKnownFileType = text.plist.strings; name = en; path = en.lproj/InfoPlist.strings; sourceTree = "<group>"; };
		AB712B30175A8A850039AC42 /* main.m */ = {isa = PBXFileReference; lastKnownFileType = sourcecode.c.objc; path = main.m; sourceTree = "<group>"; };
		AB712B32175A8A850039AC42 /* RGRSS-Prefix.pch */ = {isa = PBXFileReference; lastKnownFileType = sourcecode.c.h; path = "RGRSS-Prefix.pch"; sourceTree = "<group>"; };
		AB712B33175A8A850039AC42 /* RGAppDelegate.h */ = {isa = PBXFileReference; lastKnownFileType = sourcecode.c.h; path = RGAppDelegate.h; sourceTree = "<group>"; };
		AB712B34175A8A850039AC42 /* RGAppDelegate.m */ = {isa = PBXFileReference; lastKnownFileType = sourcecode.c.objc; path = RGAppDelegate.m; sourceTree = "<group>"; };
		AB712B36175A8A860039AC42 /* Default.png */ = {isa = PBXFileReference; lastKnownFileType = image.png; path = Default.png; sourceTree = "<group>"; };
		AB712B38175A8A860039AC42 /* Default@2x.png */ = {isa = PBXFileReference; lastKnownFileType = image.png; path = "Default@2x.png"; sourceTree = "<group>"; };
		AB712B3A175A8A860039AC42 /* Default-568h@2x.png */ = {isa = PBXFileReference; lastKnownFileType = image.png; path = "Default-568h@2x.png"; sourceTree = "<group>"; };
		AB712B3D175A8A860039AC42 /* en */ = {isa = PBXFileReference; lastKnownFileType = file.storyboard; name = en; path = en.lproj/MainStoryboard_iPhone.storyboard; sourceTree = "<group>"; };
		AB712B40175A8A860039AC42 /* en */ = {isa = PBXFileReference; lastKnownFileType = file.storyboard; name = en; path = en.lproj/MainStoryboard_iPad.storyboard; sourceTree = "<group>"; };
		AB712B43175A8A860039AC42 /* RGRSS.xcdatamodel */ = {isa = PBXFileReference; lastKnownFileType = wrapper.xcdatamodel; path = RGRSS.xcdatamodel; sourceTree = "<group>"; };
		AB712B45175A8A860039AC42 /* RGMasterViewController.h */ = {isa = PBXFileReference; lastKnownFileType = sourcecode.c.h; path = RGMasterViewController.h; sourceTree = "<group>"; };
		AB712B46175A8A860039AC42 /* RGMasterViewController.m */ = {isa = PBXFileReference; lastKnownFileType = sourcecode.c.objc; path = RGMasterViewController.m; sourceTree = "<group>"; };
		AB712B48175A8A860039AC42 /* RGDetailViewController.h */ = {isa = PBXFileReference; lastKnownFileType = sourcecode.c.h; path = RGDetailViewController.h; sourceTree = "<group>"; };
		AB712B49175A8A860039AC42 /* RGDetailViewController.m */ = {isa = PBXFileReference; lastKnownFileType = sourcecode.c.objc; path = RGDetailViewController.m; sourceTree = "<group>"; };
		AB712B50175A8A860039AC42 /* RGRSSTests.octest */ = {isa = PBXFileReference; explicitFileType = wrapper.cfbundle; includeInIndex = 0; path = RGRSSTests.octest; sourceTree = BUILT_PRODUCTS_DIR; };
		AB712B51175A8A860039AC42 /* SenTestingKit.framework */ = {isa = PBXFileReference; lastKnownFileType = wrapper.framework; name = SenTestingKit.framework; path = Library/Frameworks/SenTestingKit.framework; sourceTree = DEVELOPER_DIR; };
		AB712B5A175A8A860039AC42 /* RGRSSTests-Info.plist */ = {isa = PBXFileReference; lastKnownFileType = text.plist.xml; path = "RGRSSTests-Info.plist"; sourceTree = "<group>"; };
		AB712B5C175A8A860039AC42 /* en */ = {isa = PBXFileReference; lastKnownFileType = text.plist.strings; name = en; path = en.lproj/InfoPlist.strings; sourceTree = "<group>"; };
		AB712B5E175A8A860039AC42 /* RGRSSTests.h */ = {isa = PBXFileReference; lastKnownFileType = sourcecode.c.h; path = RGRSSTests.h; sourceTree = "<group>"; };
		AB712B5F175A8A860039AC42 /* RGRSSTests.m */ = {isa = PBXFileReference; lastKnownFileType = sourcecode.c.objc; path = RGRSSTests.m; sourceTree = "<group>"; };
		AB730926175AA281006BC71C /* NSDate_FeedParserExtensions.h */ = {isa = PBXFileReference; fileEncoding = 4; lastKnownFileType = sourcecode.c.h; path = NSDate_FeedParserExtensions.h; sourceTree = "<group>"; };
		AB730927175AA281006BC71C /* NSDate_FeedParserExtensions.m */ = {isa = PBXFileReference; fileEncoding = 4; lastKnownFileType = sourcecode.c.objc; path = NSDate_FeedParserExtensions.m; sourceTree = "<group>"; };
		AB730928175AA281006BC71C /* NSString_extensions.h */ = {isa = PBXFileReference; fileEncoding = 4; lastKnownFileType = sourcecode.c.h; path = NSString_extensions.h; sourceTree = "<group>"; };
		AB730929175AA281006BC71C /* NSString_extensions.m */ = {isa = PBXFileReference; fileEncoding = 4; lastKnownFileType = sourcecode.c.objc; path = NSString_extensions.m; sourceTree = "<group>"; };
		AB73092A175AA281006BC71C /* FeedParser.h */ = {isa = PBXFileReference; fileEncoding = 4; lastKnownFileType = sourcecode.c.h; path = FeedParser.h; sourceTree = "<group>"; };
		AB73092B175AA281006BC71C /* FPCategory.h */ = {isa = PBXFileReference; fileEncoding = 4; lastKnownFileType = sourcecode.c.h; path = FPCategory.h; sourceTree = "<group>"; };
		AB73092C175AA281006BC71C /* FPCategory.m */ = {isa = PBXFileReference; fileEncoding = 4; lastKnownFileType = sourcecode.c.objc; path = FPCategory.m; sourceTree = "<group>"; };
		AB73092D175AA281006BC71C /* FPEnclosure.h */ = {isa = PBXFileReference; fileEncoding = 4; lastKnownFileType = sourcecode.c.h; path = FPEnclosure.h; sourceTree = "<group>"; };
		AB73092E175AA281006BC71C /* FPEnclosure.m */ = {isa = PBXFileReference; fileEncoding = 4; lastKnownFileType = sourcecode.c.objc; path = FPEnclosure.m; sourceTree = "<group>"; };
		AB73092F175AA281006BC71C /* FPErrors.h */ = {isa = PBXFileReference; fileEncoding = 4; lastKnownFileType = sourcecode.c.h; path = FPErrors.h; sourceTree = "<group>"; };
		AB730930175AA281006BC71C /* FPFeed.h */ = {isa = PBXFileReference; fileEncoding = 4; lastKnownFileType = sourcecode.c.h; path = FPFeed.h; sourceTree = "<group>"; };
		AB730931175AA281006BC71C /* FPFeed.m */ = {isa = PBXFileReference; fileEncoding = 4; lastKnownFileType = sourcecode.c.objc; path = FPFeed.m; sourceTree = "<group>"; };
		AB730932175AA281006BC71C /* FPItem.h */ = {isa = PBXFileReference; fileEncoding = 4; lastKnownFileType = sourcecode.c.h; path = FPItem.h; sourceTree = "<group>"; };
		AB730933175AA281006BC71C /* FPItem.m */ = {isa = PBXFileReference; fileEncoding = 4; lastKnownFileType = sourcecode.c.objc; path = FPItem.m; sourceTree = "<group>"; };
		AB730934175AA281006BC71C /* FPLink.h */ = {isa = PBXFileReference; fileEncoding = 4; lastKnownFileType = sourcecode.c.h; path = FPLink.h; sourceTree = "<group>"; };
		AB730935175AA281006BC71C /* FPLink.m */ = {isa = PBXFileReference; fileEncoding = 4; lastKnownFileType = sourcecode.c.objc; path = FPLink.m; sourceTree = "<group>"; };
		AB730936175AA281006BC71C /* FPParser.h */ = {isa = PBXFileReference; fileEncoding = 4; lastKnownFileType = sourcecode.c.h; path = FPParser.h; sourceTree = "<group>"; };
		AB730937175AA281006BC71C /* FPParser.m */ = {isa = PBXFileReference; fileEncoding = 4; lastKnownFileType = sourcecode.c.objc; path = FPParser.m; sourceTree = "<group>"; };
		AB730939175AA281006BC71C /* FPExtensionElementNode_Private.h */ = {isa = PBXFileReference; fileEncoding = 4; lastKnownFileType = sourcecode.c.h; path = FPExtensionElementNode_Private.h; sourceTree = "<group>"; };
		AB73093A175AA281006BC71C /* FPXMLPair.h */ = {isa = PBXFileReference; fileEncoding = 4; lastKnownFileType = sourcecode.c.h; path = FPXMLPair.h; sourceTree = "<group>"; };
		AB73093B175AA281006BC71C /* FPXMLPair.m */ = {isa = PBXFileReference; fileEncoding = 4; lastKnownFileType = sourcecode.c.objc; path = FPXMLPair.m; sourceTree = "<group>"; };
		AB73093C175AA281006BC71C /* FPXMLParser.h */ = {isa = PBXFileReference; fileEncoding = 4; lastKnownFileType = sourcecode.c.h; path = FPXMLParser.h; sourceTree = "<group>"; };
		AB73093D175AA281006BC71C /* FPXMLParser.m */ = {isa = PBXFileReference; fileEncoding = 4; lastKnownFileType = sourcecode.c.objc; path = FPXMLParser.m; sourceTree = "<group>"; };
		AB73093E175AA281006BC71C /* FPXMLParserProtocol.h */ = {isa = PBXFileReference; fileEncoding = 4; lastKnownFileType = sourcecode.c.h; path = FPXMLParserProtocol.h; sourceTree = "<group>"; };
		AB730940175AA281006BC71C /* FPExtensionElementNode.h */ = {isa = PBXFileReference; fileEncoding = 4; lastKnownFileType = sourcecode.c.h; path = FPExtensionElementNode.h; sourceTree = "<group>"; };
		AB730941175AA281006BC71C /* FPExtensionElementNode.m */ = {isa = PBXFileReference; fileEncoding = 4; lastKnownFileType = sourcecode.c.objc; path = FPExtensionElementNode.m; sourceTree = "<group>"; };
		AB730942175AA281006BC71C /* FPExtensionNode.h */ = {isa = PBXFileReference; fileEncoding = 4; lastKnownFileType = sourcecode.c.h; path = FPExtensionNode.h; sourceTree = "<group>"; };
		AB730943175AA281006BC71C /* FPExtensionNode.m */ = {isa = PBXFileReference; fileEncoding = 4; lastKnownFileType = sourcecode.c.objc; path = FPExtensionNode.m; sourceTree = "<group>"; };
		AB730944175AA281006BC71C /* FPExtensionTextNode.h */ = {isa = PBXFileReference; fileEncoding = 4; lastKnownFileType = sourcecode.c.h; path = FPExtensionTextNode.h; sourceTree = "<group>"; };
		AB730945175AA281006BC71C /* FPExtensionTextNode.m */ = {isa = PBXFileReference; fileEncoding = 4; lastKnownFileType = sourcecode.c.objc; path = FPExtensionTextNode.m; sourceTree = "<group>"; };
		AB735030175B77000006E22D /* _RGCategory.h */ = {isa = PBXFileReference; fileEncoding = 4; lastKnownFileType = sourcecode.c.h; path = _RGCategory.h; sourceTree = "<group>"; };
		AB735031175B77000006E22D /* _RGCategory.m */ = {isa = PBXFileReference; fileEncoding = 4; lastKnownFileType = sourcecode.c.objc; path = _RGCategory.m; sourceTree = "<group>"; };
		AB735032175B77000006E22D /* _RGChannel.h */ = {isa = PBXFileReference; fileEncoding = 4; lastKnownFileType = sourcecode.c.h; path = _RGChannel.h; sourceTree = "<group>"; };
		AB735033175B77000006E22D /* _RGChannel.m */ = {isa = PBXFileReference; fileEncoding = 4; lastKnownFileType = sourcecode.c.objc; path = _RGChannel.m; sourceTree = "<group>"; };
		AB735034175B77000006E22D /* _RGItem.h */ = {isa = PBXFileReference; fileEncoding = 4; lastKnownFileType = sourcecode.c.h; path = _RGItem.h; sourceTree = "<group>"; };
		AB735035175B77000006E22D /* _RGItem.m */ = {isa = PBXFileReference; fileEncoding = 4; lastKnownFileType = sourcecode.c.objc; path = _RGItem.m; sourceTree = "<group>"; };
		AB735036175B77010006E22D /* _RGLink.h */ = {isa = PBXFileReference; fileEncoding = 4; lastKnownFileType = sourcecode.c.h; path = _RGLink.h; sourceTree = "<group>"; };
		AB735037175B77010006E22D /* _RGLink.m */ = {isa = PBXFileReference; fileEncoding = 4; lastKnownFileType = sourcecode.c.objc; path = _RGLink.m; sourceTree = "<group>"; };
		AB735038175B77010006E22D /* RGCategory.h */ = {isa = PBXFileReference; fileEncoding = 4; lastKnownFileType = sourcecode.c.h; path = RGCategory.h; sourceTree = "<group>"; };
		AB735039175B77010006E22D /* RGCategory.m */ = {isa = PBXFileReference; fileEncoding = 4; lastKnownFileType = sourcecode.c.objc; path = RGCategory.m; sourceTree = "<group>"; };
		AB73503A175B77010006E22D /* RGChannel.h */ = {isa = PBXFileReference; fileEncoding = 4; lastKnownFileType = sourcecode.c.h; path = RGChannel.h; sourceTree = "<group>"; };
		AB73503B175B77010006E22D /* RGChannel.m */ = {isa = PBXFileReference; fileEncoding = 4; lastKnownFileType = sourcecode.c.objc; path = RGChannel.m; sourceTree = "<group>"; };
		AB73503C175B77010006E22D /* RGItem.h */ = {isa = PBXFileReference; fileEncoding = 4; lastKnownFileType = sourcecode.c.h; path = RGItem.h; sourceTree = "<group>"; };
		AB73503D175B77010006E22D /* RGItem.m */ = {isa = PBXFileReference; fileEncoding = 4; lastKnownFileType = sourcecode.c.objc; path = RGItem.m; sourceTree = "<group>"; };
		AB73503E175B77010006E22D /* RGLink.h */ = {isa = PBXFileReference; fileEncoding = 4; lastKnownFileType = sourcecode.c.h; path = RGLink.h; sourceTree = "<group>"; };
		AB73503F175B77010006E22D /* RGLink.m */ = {isa = PBXFileReference; fileEncoding = 4; lastKnownFileType = sourcecode.c.objc; path = RGLink.m; sourceTree = "<group>"; };
		ABB09310175A9B4E00D58E2B /* rss2sample.xml.rss */ = {isa = PBXFileReference; fileEncoding = 4; lastKnownFileType = text.xml; path = rss2sample.xml.rss; sourceTree = "<group>"; };
		ABD88E3618A5641700E97B61 /* RGSampleSpec.m */ = {isa = PBXFileReference; fileEncoding = 4; lastKnownFileType = sourcecode.c.objc; path = RGSampleSpec.m; sourceTree = "<group>"; };
		ABF6983017B6FF61002B59E7 /* spiegelIndex.rss */ = {isa = PBXFileReference; fileEncoding = 4; lastKnownFileType = text.xml; path = spiegelIndex.rss; sourceTree = "<group>"; };
		E53B20EE463141C2BB45E4F2 /* Pods-RGRSSTestsXC.xcconfig */ = {isa = PBXFileReference; includeInIndex = 1; lastKnownFileType = text.xcconfig; name = "Pods-RGRSSTestsXC.xcconfig"; path = "Pods/Pods-RGRSSTestsXC.xcconfig"; sourceTree = "<group>"; };
		FAF87759D20D4E1C8398E139 /* Pods.xcconfig */ = {isa = PBXFileReference; includeInIndex = 1; lastKnownFileType = text.xcconfig; name = Pods.xcconfig; path = Pods/Pods.xcconfig; sourceTree = SOURCE_ROOT; };
/* End PBXFileReference section */

/* Begin PBXFrameworksBuildPhase section */
		AB4639AD18A561360081E912 /* Frameworks */ = {
			isa = PBXFrameworksBuildPhase;
			buildActionMask = 2147483647;
			files = (
				AB4639B218A561360081E912 /* XCTest.framework in Frameworks */,
				AB4639B418A561360081E912 /* UIKit.framework in Frameworks */,
				AB4639B318A561360081E912 /* Foundation.framework in Frameworks */,
				EDF88A450A11430697EEEC8B /* libPods-RGRSSTestsXC.a in Frameworks */,
			);
			runOnlyForDeploymentPostprocessing = 0;
		};
		AB712B1C175A8A850039AC42 /* Frameworks */ = {
			isa = PBXFrameworksBuildPhase;
			buildActionMask = 2147483647;
			files = (
				AB712B23175A8A850039AC42 /* UIKit.framework in Frameworks */,
				AB712B25175A8A850039AC42 /* Foundation.framework in Frameworks */,
				AB712B27175A8A850039AC42 /* CoreGraphics.framework in Frameworks */,
				AB712B29175A8A850039AC42 /* CoreData.framework in Frameworks */,
				C1141842B8B04714ADDC6535 /* libPods.a in Frameworks */,
			);
			runOnlyForDeploymentPostprocessing = 0;
		};
		AB712B4C175A8A860039AC42 /* Frameworks */ = {
			isa = PBXFrameworksBuildPhase;
			buildActionMask = 2147483647;
			files = (
				AB712B52175A8A860039AC42 /* SenTestingKit.framework in Frameworks */,
				AB712B53175A8A860039AC42 /* UIKit.framework in Frameworks */,
				AB712B54175A8A860039AC42 /* Foundation.framework in Frameworks */,
				AB712B55175A8A860039AC42 /* CoreData.framework in Frameworks */,
			);
			runOnlyForDeploymentPostprocessing = 0;
		};
/* End PBXFrameworksBuildPhase section */

/* Begin PBXGroup section */
		AB1F83A5176E507B00CE3C6E /* VCs */ = {
			isa = PBXGroup;
			children = (
				AB1F83A7176E509B00CE3C6E /* RGBaseTVC.m */,
				AB712B46175A8A860039AC42 /* RGMasterViewController.m */,
				AB1F83AB176E582500CE3C6E /* RGItemsTVC.m */,
				AB712B49175A8A860039AC42 /* RGDetailViewController.m */,
			);
			name = VCs;
			sourceTree = "<group>";
		};
		AB4639B518A561360081E912 /* RGRSSTestsXC */ = {
			isa = PBXGroup;
			children = (
				ABD88E3618A5641700E97B61 /* RGSampleSpec.m */,
				AB4639B618A561360081E912 /* Supporting Files */,
			);
			path = RGRSSTestsXC;
			sourceTree = "<group>";
		};
		AB4639B618A561360081E912 /* Supporting Files */ = {
			isa = PBXGroup;
			children = (
				AB4639B718A561360081E912 /* RGRSSTestsXC-Info.plist */,
				AB4639B818A561360081E912 /* InfoPlist.strings */,
				AB4639BD18A561360081E912 /* RGRSSTestsXC-Prefix.pch */,
			);
			name = "Supporting Files";
			sourceTree = "<group>";
		};
		AB712B16175A8A850039AC42 = {
			isa = PBXGroup;
			children = (
				AB712B2A175A8A850039AC42 /* RGRSS */,
				AB730923175AA281006BC71C /* Vendor */,
				AB712B58175A8A860039AC42 /* RGRSSTests */,
				AB4639B518A561360081E912 /* RGRSSTestsXC */,
				AB712B21175A8A850039AC42 /* Frameworks */,
				AB712B20175A8A850039AC42 /* Products */,
				FAF87759D20D4E1C8398E139 /* Pods.xcconfig */,
				E53B20EE463141C2BB45E4F2 /* Pods-RGRSSTestsXC.xcconfig */,
			);
			sourceTree = "<group>";
		};
		AB712B20175A8A850039AC42 /* Products */ = {
			isa = PBXGroup;
			children = (
				AB712B1F175A8A850039AC42 /* RGRSS.app */,
				AB712B50175A8A860039AC42 /* RGRSSTests.octest */,
				AB4639B018A561360081E912 /* RGRSSTestsXC.xctest */,
			);
			name = Products;
			sourceTree = "<group>";
		};
		AB712B21175A8A850039AC42 /* Frameworks */ = {
			isa = PBXGroup;
			children = (
				AB712B22175A8A850039AC42 /* UIKit.framework */,
				AB712B24175A8A850039AC42 /* Foundation.framework */,
				AB712B26175A8A850039AC42 /* CoreGraphics.framework */,
				AB712B28175A8A850039AC42 /* CoreData.framework */,
				AB712B51175A8A860039AC42 /* SenTestingKit.framework */,
				896FDD43BD36420FA5C52546 /* libPods.a */,
				AB4639B118A561360081E912 /* XCTest.framework */,
				885D7503646F4522BE991822 /* libPods-RGRSSTestsXC.a */,
			);
			name = Frameworks;
			sourceTree = "<group>";
		};
		AB712B2A175A8A850039AC42 /* RGRSS */ = {
			isa = PBXGroup;
			children = (
				ABF6983317B700E4002B59E7 /* Includes */,
				AB72FD76175A8F0F00D11C54 /* Core Data Entities */,
				AB712B34175A8A850039AC42 /* RGAppDelegate.m */,
				AB712B3C175A8A860039AC42 /* MainStoryboard_iPhone.storyboard */,
				AB712B3F175A8A860039AC42 /* MainStoryboard_iPad.storyboard */,
				AB43433418A5587E00D7E7E7 /* RGFeedManager.m */,
				AB1F83A5176E507B00CE3C6E /* VCs */,
				ABB0930F175A9B4E00D58E2B /* RSSSamples */,
				AB712B42175A8A860039AC42 /* RGRSS.xcdatamodeld */,
				AB712B2B175A8A850039AC42 /* Supporting Files */,
			);
			path = RGRSS;
			sourceTree = "<group>";
		};
		AB712B2B175A8A850039AC42 /* Supporting Files */ = {
			isa = PBXGroup;
			children = (
				AB712B2C175A8A850039AC42 /* RGRSS-Info.plist */,
				AB712B2D175A8A850039AC42 /* InfoPlist.strings */,
				AB712B30175A8A850039AC42 /* main.m */,
				AB712B32175A8A850039AC42 /* RGRSS-Prefix.pch */,
				AB712B36175A8A860039AC42 /* Default.png */,
				AB712B38175A8A860039AC42 /* Default@2x.png */,
				AB712B3A175A8A860039AC42 /* Default-568h@2x.png */,
			);
			name = "Supporting Files";
			sourceTree = "<group>";
		};
		AB712B58175A8A860039AC42 /* RGRSSTests */ = {
			isa = PBXGroup;
			children = (
				AB712B5E175A8A860039AC42 /* RGRSSTests.h */,
				AB712B5F175A8A860039AC42 /* RGRSSTests.m */,
				AB712B59175A8A860039AC42 /* Supporting Files */,
			);
			path = RGRSSTests;
			sourceTree = "<group>";
		};
		AB712B59175A8A860039AC42 /* Supporting Files */ = {
			isa = PBXGroup;
			children = (
				AB712B5A175A8A860039AC42 /* RGRSSTests-Info.plist */,
				AB712B5B175A8A860039AC42 /* InfoPlist.strings */,
			);
			name = "Supporting Files";
			sourceTree = "<group>";
		};
		AB72FD76175A8F0F00D11C54 /* Core Data Entities */ = {
			isa = PBXGroup;
			children = (
				AB735030175B77000006E22D /* _RGCategory.h */,
				AB735031175B77000006E22D /* _RGCategory.m */,
				AB735032175B77000006E22D /* _RGChannel.h */,
				AB735033175B77000006E22D /* _RGChannel.m */,
				AB735034175B77000006E22D /* _RGItem.h */,
				AB735035175B77000006E22D /* _RGItem.m */,
				AB735036175B77010006E22D /* _RGLink.h */,
				AB735037175B77010006E22D /* _RGLink.m */,
				AB735038175B77010006E22D /* RGCategory.h */,
				AB735039175B77010006E22D /* RGCategory.m */,
				AB73503A175B77010006E22D /* RGChannel.h */,
				AB73503B175B77010006E22D /* RGChannel.m */,
				AB73503C175B77010006E22D /* RGItem.h */,
				AB73503D175B77010006E22D /* RGItem.m */,
				AB73503E175B77010006E22D /* RGLink.h */,
				AB73503F175B77010006E22D /* RGLink.m */,
			);
			name = "Core Data Entities";
			sourceTree = "<group>";
		};
		AB730923175AA281006BC71C /* Vendor */ = {
			isa = PBXGroup;
			children = (
				AB730924175AA281006BC71C /* FeedParser */,
			);
			name = Vendor;
			path = RGRSS/Vendor;
			sourceTree = "<group>";
		};
		AB730924175AA281006BC71C /* FeedParser */ = {
			isa = PBXGroup;
			children = (
				AB730925175AA281006BC71C /* Extensions */,
				AB73092A175AA281006BC71C /* FeedParser.h */,
				AB73092B175AA281006BC71C /* FPCategory.h */,
				AB73092C175AA281006BC71C /* FPCategory.m */,
				AB73092D175AA281006BC71C /* FPEnclosure.h */,
				AB73092E175AA281006BC71C /* FPEnclosure.m */,
				AB73092F175AA281006BC71C /* FPErrors.h */,
				AB730930175AA281006BC71C /* FPFeed.h */,
				AB730931175AA281006BC71C /* FPFeed.m */,
				AB730932175AA281006BC71C /* FPItem.h */,
				AB730933175AA281006BC71C /* FPItem.m */,
				AB730934175AA281006BC71C /* FPLink.h */,
				AB730935175AA281006BC71C /* FPLink.m */,
				AB730936175AA281006BC71C /* FPParser.h */,
				AB730937175AA281006BC71C /* FPParser.m */,
				AB730938175AA281006BC71C /* Internal */,
				AB73093F175AA281006BC71C /* XML Extensions */,
			);
			path = FeedParser;
			sourceTree = "<group>";
		};
		AB730925175AA281006BC71C /* Extensions */ = {
			isa = PBXGroup;
			children = (
				AB730926175AA281006BC71C /* NSDate_FeedParserExtensions.h */,
				AB730927175AA281006BC71C /* NSDate_FeedParserExtensions.m */,
				AB730928175AA281006BC71C /* NSString_extensions.h */,
				AB730929175AA281006BC71C /* NSString_extensions.m */,
			);
			path = Extensions;
			sourceTree = "<group>";
		};
		AB730938175AA281006BC71C /* Internal */ = {
			isa = PBXGroup;
			children = (
				AB730939175AA281006BC71C /* FPExtensionElementNode_Private.h */,
				AB73093A175AA281006BC71C /* FPXMLPair.h */,
				AB73093B175AA281006BC71C /* FPXMLPair.m */,
				AB73093C175AA281006BC71C /* FPXMLParser.h */,
				AB73093D175AA281006BC71C /* FPXMLParser.m */,
				AB73093E175AA281006BC71C /* FPXMLParserProtocol.h */,
			);
			path = Internal;
			sourceTree = "<group>";
		};
		AB73093F175AA281006BC71C /* XML Extensions */ = {
			isa = PBXGroup;
			children = (
				AB730940175AA281006BC71C /* FPExtensionElementNode.h */,
				AB730941175AA281006BC71C /* FPExtensionElementNode.m */,
				AB730942175AA281006BC71C /* FPExtensionNode.h */,
				AB730943175AA281006BC71C /* FPExtensionNode.m */,
				AB730944175AA281006BC71C /* FPExtensionTextNode.h */,
				AB730945175AA281006BC71C /* FPExtensionTextNode.m */,
			);
			path = "XML Extensions";
			sourceTree = "<group>";
		};
		ABB0930F175A9B4E00D58E2B /* RSSSamples */ = {
			isa = PBXGroup;
			children = (
				ABB09310175A9B4E00D58E2B /* rss2sample.xml.rss */,
				ABF6983017B6FF61002B59E7 /* spiegelIndex.rss */,
			);
			path = RSSSamples;
			sourceTree = "<group>";
		};
		ABF6983317B700E4002B59E7 /* Includes */ = {
			isa = PBXGroup;
			children = (
				AB712B33175A8A850039AC42 /* RGAppDelegate.h */,
				AB43433318A5587E00D7E7E7 /* RGFeedManager.h */,
				AB1F83A6176E509B00CE3C6E /* RGBaseTVC.h */,
				AB712B45175A8A860039AC42 /* RGMasterViewController.h */,
				AB712B48175A8A860039AC42 /* RGDetailViewController.h */,
				AB1F83AA176E582400CE3C6E /* RGItemsTVC.h */,
			);
			name = Includes;
			sourceTree = "<group>";
		};
/* End PBXGroup section */

/* Begin PBXNativeTarget section */
		AB4639AF18A561360081E912 /* RGRSSTestsXC */ = {
			isa = PBXNativeTarget;
			buildConfigurationList = AB4639C218A561360081E912 /* Build configuration list for PBXNativeTarget "RGRSSTestsXC" */;
			buildPhases = (
				13C8E1B187544148BDC58598 /* Check Pods Manifest.lock */,
				AB4639AC18A561360081E912 /* Sources */,
				AB4639AD18A561360081E912 /* Frameworks */,
				AB4639AE18A561360081E912 /* Resources */,
				2A94D9578D294EEDA7F504C1 /* Copy Pods Resources */,
			);
			buildRules = (
			);
			dependencies = (
				AB4639BF18A561360081E912 /* PBXTargetDependency */,
			);
			name = RGRSSTestsXC;
			productName = RGRSSTestsXC;
			productReference = AB4639B018A561360081E912 /* RGRSSTestsXC.xctest */;
			productType = "com.apple.product-type.bundle.unit-test";
		};
		AB712B1E175A8A850039AC42 /* RGRSS */ = {
			isa = PBXNativeTarget;
			buildConfigurationList = AB712B63175A8A860039AC42 /* Build configuration list for PBXNativeTarget "RGRSS" */;
			buildPhases = (
				21A0F9BADEFF4B7C975E2DC9 /* Check Pods Manifest.lock */,
				AB712B1B175A8A850039AC42 /* Sources */,
				AB712B1C175A8A850039AC42 /* Frameworks */,
				AB712B1D175A8A850039AC42 /* Resources */,
				FB872459951D41F7B3E074B3 /* Copy Pods Resources */,
			);
			buildRules = (
			);
			dependencies = (
			);
			name = RGRSS;
			productName = RGRSS;
			productReference = AB712B1F175A8A850039AC42 /* RGRSS.app */;
			productType = "com.apple.product-type.application";
		};
		AB712B4F175A8A860039AC42 /* RGRSSTests */ = {
			isa = PBXNativeTarget;
			buildConfigurationList = AB712B66175A8A860039AC42 /* Build configuration list for PBXNativeTarget "RGRSSTests" */;
			buildPhases = (
				AB712B4B175A8A860039AC42 /* Sources */,
				AB712B4C175A8A860039AC42 /* Frameworks */,
				AB712B4D175A8A860039AC42 /* Resources */,
				AB712B4E175A8A860039AC42 /* ShellScript */,
			);
			buildRules = (
			);
			dependencies = (
				AB712B57175A8A860039AC42 /* PBXTargetDependency */,
			);
			name = RGRSSTests;
			productName = RGRSSTests;
			productReference = AB712B50175A8A860039AC42 /* RGRSSTests.octest */;
			productType = "com.apple.product-type.bundle";
		};
/* End PBXNativeTarget section */

/* Begin PBXProject section */
		AB712B17175A8A850039AC42 /* Project object */ = {
			isa = PBXProject;
			attributes = {
				CLASSPREFIX = RG;
				LastUpgradeCheck = 0460;
				ORGANIZATIONNAME = RG;
				TargetAttributes = {
					AB4639AF18A561360081E912 = {
						TestTargetID = AB712B1E175A8A850039AC42;
					};
				};
			};
			buildConfigurationList = AB712B1A175A8A850039AC42 /* Build configuration list for PBXProject "RGRSS" */;
			compatibilityVersion = "Xcode 3.2";
			developmentRegion = English;
			hasScannedForEncodings = 0;
			knownRegions = (
				en,
			);
			mainGroup = AB712B16175A8A850039AC42;
			productRefGroup = AB712B20175A8A850039AC42 /* Products */;
			projectDirPath = "";
			projectRoot = "";
			targets = (
				AB712B1E175A8A850039AC42 /* RGRSS */,
				AB712B4F175A8A860039AC42 /* RGRSSTests */,
				AB4639AF18A561360081E912 /* RGRSSTestsXC */,
				AB73502B175B76040006E22D /* Mogenerator */,
			);
		};
/* End PBXProject section */

/* Begin PBXResourcesBuildPhase section */
		AB4639AE18A561360081E912 /* Resources */ = {
			isa = PBXResourcesBuildPhase;
			buildActionMask = 2147483647;
			files = (
				AB4639BA18A561360081E912 /* InfoPlist.strings in Resources */,
			);
			runOnlyForDeploymentPostprocessing = 0;
		};
		AB712B1D175A8A850039AC42 /* Resources */ = {
			isa = PBXResourcesBuildPhase;
			buildActionMask = 2147483647;
			files = (
				AB712B2F175A8A850039AC42 /* InfoPlist.strings in Resources */,
				AB712B37175A8A860039AC42 /* Default.png in Resources */,
				AB712B39175A8A860039AC42 /* Default@2x.png in Resources */,
				AB712B3B175A8A860039AC42 /* Default-568h@2x.png in Resources */,
				AB712B3E175A8A860039AC42 /* MainStoryboard_iPhone.storyboard in Resources */,
				ABF6983117B6FF61002B59E7 /* spiegelIndex.rss in Resources */,
				AB712B41175A8A860039AC42 /* MainStoryboard_iPad.storyboard in Resources */,
				ABB09311175A9B4E00D58E2B /* rss2sample.xml.rss in Resources */,
			);
			runOnlyForDeploymentPostprocessing = 0;
		};
		AB712B4D175A8A860039AC42 /* Resources */ = {
			isa = PBXResourcesBuildPhase;
			buildActionMask = 2147483647;
			files = (
				AB712B5D175A8A860039AC42 /* InfoPlist.strings in Resources */,
				ABB09312175A9B4E00D58E2B /* rss2sample.xml.rss in Resources */,
				ABF6983217B6FF61002B59E7 /* spiegelIndex.rss in Resources */,
			);
			runOnlyForDeploymentPostprocessing = 0;
		};
/* End PBXResourcesBuildPhase section */

/* Begin PBXShellScriptBuildPhase section */
		13C8E1B187544148BDC58598 /* Check Pods Manifest.lock */ = {
			isa = PBXShellScriptBuildPhase;
			buildActionMask = 2147483647;
			files = (
			);
			inputPaths = (
			);
			name = "Check Pods Manifest.lock";
			outputPaths = (
			);
			runOnlyForDeploymentPostprocessing = 0;
			shellPath = /bin/sh;
			shellScript = "diff \"${PODS_ROOT}/../Podfile.lock\" \"${PODS_ROOT}/Manifest.lock\" > /dev/null\nif [[ $? != 0 ]] ; then\n    cat << EOM\nerror: The sandbox is not in sync with the Podfile.lock. Run 'pod install' or update your CocoaPods installation.\nEOM\n    exit 1\nfi\n";
			showEnvVarsInLog = 0;
		};
		21A0F9BADEFF4B7C975E2DC9 /* Check Pods Manifest.lock */ = {
			isa = PBXShellScriptBuildPhase;
			buildActionMask = 2147483647;
			files = (
			);
			inputPaths = (
			);
			name = "Check Pods Manifest.lock";
			outputPaths = (
			);
			runOnlyForDeploymentPostprocessing = 0;
			shellPath = /bin/sh;
			shellScript = "diff \"${PODS_ROOT}/../Podfile.lock\" \"${PODS_ROOT}/Manifest.lock\" > /dev/null\nif [[ $? != 0 ]] ; then\n    cat << EOM\nerror: The sandbox is not in sync with the Podfile.lock. Run 'pod install' or update your CocoaPods installation.\nEOM\n    exit 1\nfi\n";
		};
		2A94D9578D294EEDA7F504C1 /* Copy Pods Resources */ = {
			isa = PBXShellScriptBuildPhase;
			buildActionMask = 2147483647;
			files = (
			);
			inputPaths = (
			);
			name = "Copy Pods Resources";
			outputPaths = (
			);
			runOnlyForDeploymentPostprocessing = 0;
			shellPath = /bin/sh;
			shellScript = "\"${SRCROOT}/Pods/Pods-RGRSSTestsXC-resources.sh\"\n";
			showEnvVarsInLog = 0;
		};
		AB712B4E175A8A860039AC42 /* ShellScript */ = {
			isa = PBXShellScriptBuildPhase;
			buildActionMask = 2147483647;
			files = (
			);
			inputPaths = (
			);
			outputPaths = (
			);
			runOnlyForDeploymentPostprocessing = 0;
			shellPath = /bin/sh;
			shellScript = "# Run the unit tests in this test bundle.\n\"${SYSTEM_DEVELOPER_DIR}/Tools/RunUnitTests\"\n";
		};
		AB73502F175B76150006E22D /* ShellScript */ = {
			isa = PBXShellScriptBuildPhase;
			buildActionMask = 2147483647;
			files = (
			);
			inputPaths = (
			);
			outputPaths = (
			);
			runOnlyForDeploymentPostprocessing = 0;
			shellPath = /bin/sh;
			shellScript = "cd RGRSS\n/usr/local/bin/mogenerator  --template-var arc=true -m RGRSS.xcdatamodeld/RGRSS.xcdatamodel/";
		};
		FB872459951D41F7B3E074B3 /* Copy Pods Resources */ = {
			isa = PBXShellScriptBuildPhase;
			buildActionMask = 2147483647;
			files = (
			);
			inputPaths = (
			);
			name = "Copy Pods Resources";
			outputPaths = (
			);
			runOnlyForDeploymentPostprocessing = 0;
			shellPath = /bin/sh;
			shellScript = "\"${SRCROOT}/Pods/Pods-resources.sh\"\n";
		};
/* End PBXShellScriptBuildPhase section */

/* Begin PBXSourcesBuildPhase section */
		AB4639AC18A561360081E912 /* Sources */ = {
			isa = PBXSourcesBuildPhase;
			buildActionMask = 2147483647;
			files = (
				ABD88E3718A5641700E97B61 /* RGSampleSpec.m in Sources */,
			);
			runOnlyForDeploymentPostprocessing = 0;
		};
		AB712B1B175A8A850039AC42 /* Sources */ = {
			isa = PBXSourcesBuildPhase;
			buildActionMask = 2147483647;
			files = (
				AB712B31175A8A850039AC42 /* main.m in Sources */,
				AB712B35175A8A850039AC42 /* RGAppDelegate.m in Sources */,
				AB712B44175A8A860039AC42 /* RGRSS.xcdatamodeld in Sources */,
				AB43433518A5587E00D7E7E7 /* RGFeedManager.m in Sources */,
				AB712B47175A8A860039AC42 /* RGMasterViewController.m in Sources */,
				AB712B4A175A8A860039AC42 /* RGDetailViewController.m in Sources */,
				AB730946175AA281006BC71C /* NSDate_FeedParserExtensions.m in Sources */,
				AB730948175AA281006BC71C /* NSString_extensions.m in Sources */,
				AB73094A175AA281006BC71C /* FPCategory.m in Sources */,
				AB73094C175AA281006BC71C /* FPEnclosure.m in Sources */,
				AB73094E175AA281006BC71C /* FPFeed.m in Sources */,
				AB730950175AA281006BC71C /* FPItem.m in Sources */,
				AB730952175AA281006BC71C /* FPLink.m in Sources */,
				AB730954175AA281006BC71C /* FPParser.m in Sources */,
				AB730956175AA281006BC71C /* FPXMLPair.m in Sources */,
				AB730958175AA281006BC71C /* FPXMLParser.m in Sources */,
				AB73095A175AA281006BC71C /* FPExtensionElementNode.m in Sources */,
				AB73095C175AA281006BC71C /* FPExtensionNode.m in Sources */,
				AB73095E175AA281006BC71C /* FPExtensionTextNode.m in Sources */,
				AB735040175B77010006E22D /* _RGCategory.m in Sources */,
				AB735042175B77010006E22D /* _RGChannel.m in Sources */,
				AB735044175B77010006E22D /* _RGItem.m in Sources */,
				AB735046175B77010006E22D /* _RGLink.m in Sources */,
				AB735048175B77010006E22D /* RGCategory.m in Sources */,
				AB73504A175B77010006E22D /* RGChannel.m in Sources */,
				AB73504C175B77010006E22D /* RGItem.m in Sources */,
				AB73504E175B77010006E22D /* RGLink.m in Sources */,
				AB1F83A8176E509B00CE3C6E /* RGBaseTVC.m in Sources */,
				AB1F83AC176E582500CE3C6E /* RGItemsTVC.m in Sources */,
			);
			runOnlyForDeploymentPostprocessing = 0;
		};
		AB712B4B175A8A860039AC42 /* Sources */ = {
			isa = PBXSourcesBuildPhase;
			buildActionMask = 2147483647;
			files = (
				AB712B60175A8A860039AC42 /* RGRSSTests.m in Sources */,
				AB730947175AA281006BC71C /* NSDate_FeedParserExtensions.m in Sources */,
				AB730949175AA281006BC71C /* NSString_extensions.m in Sources */,
				AB73094B175AA281006BC71C /* FPCategory.m in Sources */,
				AB73094D175AA281006BC71C /* FPEnclosure.m in Sources */,
				AB73094F175AA281006BC71C /* FPFeed.m in Sources */,
				AB730951175AA281006BC71C /* FPItem.m in Sources */,
				AB730953175AA281006BC71C /* FPLink.m in Sources */,
				AB730955175AA281006BC71C /* FPParser.m in Sources */,
				AB730957175AA281006BC71C /* FPXMLPair.m in Sources */,
				AB730959175AA281006BC71C /* FPXMLParser.m in Sources */,
				AB73095B175AA281006BC71C /* FPExtensionElementNode.m in Sources */,
				AB73095D175AA281006BC71C /* FPExtensionNode.m in Sources */,
				AB73095F175AA281006BC71C /* FPExtensionTextNode.m in Sources */,
				AB735041175B77010006E22D /* _RGCategory.m in Sources */,
				AB735043175B77010006E22D /* _RGChannel.m in Sources */,
				AB735045175B77010006E22D /* _RGItem.m in Sources */,
				AB735047175B77010006E22D /* _RGLink.m in Sources */,
				AB735049175B77010006E22D /* RGCategory.m in Sources */,
				AB73504B175B77010006E22D /* RGChannel.m in Sources */,
				AB73504D175B77010006E22D /* RGItem.m in Sources */,
				AB73504F175B77010006E22D /* RGLink.m in Sources */,
				AB43433618A5587E00D7E7E7 /* RGFeedManager.m in Sources */,
				AB1F83A9176E509B00CE3C6E /* RGBaseTVC.m in Sources */,
				AB1F83AD176E582500CE3C6E /* RGItemsTVC.m in Sources */,
			);
			runOnlyForDeploymentPostprocessing = 0;
		};
/* End PBXSourcesBuildPhase section */

/* Begin PBXTargetDependency section */
		AB4639BF18A561360081E912 /* PBXTargetDependency */ = {
			isa = PBXTargetDependency;
			target = AB712B1E175A8A850039AC42 /* RGRSS */;
			targetProxy = AB4639BE18A561360081E912 /* PBXContainerItemProxy */;
		};
		AB712B57175A8A860039AC42 /* PBXTargetDependency */ = {
			isa = PBXTargetDependency;
			target = AB712B1E175A8A850039AC42 /* RGRSS */;
			targetProxy = AB712B56175A8A860039AC42 /* PBXContainerItemProxy */;
		};
/* End PBXTargetDependency section */

/* Begin PBXVariantGroup section */
		AB4639B818A561360081E912 /* InfoPlist.strings */ = {
			isa = PBXVariantGroup;
			children = (
				AB4639B918A561360081E912 /* en */,
			);
			name = InfoPlist.strings;
			sourceTree = "<group>";
		};
		AB712B2D175A8A850039AC42 /* InfoPlist.strings */ = {
			isa = PBXVariantGroup;
			children = (
				AB712B2E175A8A850039AC42 /* en */,
			);
			name = InfoPlist.strings;
			sourceTree = "<group>";
		};
		AB712B3C175A8A860039AC42 /* MainStoryboard_iPhone.storyboard */ = {
			isa = PBXVariantGroup;
			children = (
				AB712B3D175A8A860039AC42 /* en */,
			);
			name = MainStoryboard_iPhone.storyboard;
			sourceTree = "<group>";
		};
		AB712B3F175A8A860039AC42 /* MainStoryboard_iPad.storyboard */ = {
			isa = PBXVariantGroup;
			children = (
				AB712B40175A8A860039AC42 /* en */,
			);
			name = MainStoryboard_iPad.storyboard;
			sourceTree = "<group>";
		};
		AB712B5B175A8A860039AC42 /* InfoPlist.strings */ = {
			isa = PBXVariantGroup;
			children = (
				AB712B5C175A8A860039AC42 /* en */,
			);
			name = InfoPlist.strings;
			sourceTree = "<group>";
		};
/* End PBXVariantGroup section */

/* Begin XCBuildConfiguration section */
		AB4639C018A561360081E912 /* Debug */ = {
			isa = XCBuildConfiguration;
			baseConfigurationReference = E53B20EE463141C2BB45E4F2 /* Pods-RGRSSTestsXC.xcconfig */;
			buildSettings = {
				ARCHS = "$(ARCHS_STANDARD_INCLUDING_64_BIT)";
				BUNDLE_LOADER = "$(BUILT_PRODUCTS_DIR)/RGRSS.app/RGRSS";
				CLANG_ENABLE_MODULES = YES;
				CLANG_WARN_BOOL_CONVERSION = YES;
				CLANG_WARN_DIRECT_OBJC_ISA_USAGE = YES_ERROR;
				CLANG_WARN_OBJC_ROOT_CLASS = YES_ERROR;
				FRAMEWORK_SEARCH_PATHS = (
					"$(SDKROOT)/Developer/Library/Frameworks",
					"$(inherited)",
					"$(DEVELOPER_FRAMEWORKS_DIR)",
				);
				GCC_PRECOMPILE_PREFIX_HEADER = YES;
				GCC_PREFIX_HEADER = "RGRSSTestsXC/RGRSSTestsXC-Prefix.pch";
				GCC_PREPROCESSOR_DEFINITIONS = (
					"DEBUG=1",
					"$(inherited)",
				);
				GCC_WARN_64_TO_32_BIT_CONVERSION = YES;
				GCC_WARN_ABOUT_RETURN_TYPE = YES_ERROR;
				GCC_WARN_UNDECLARED_SELECTOR = YES;
				GCC_WARN_UNUSED_FUNCTION = YES;
				INFOPLIST_FILE = "RGRSSTestsXC/RGRSSTestsXC-Info.plist";
				IPHONEOS_DEPLOYMENT_TARGET = 7.0;
				PRODUCT_NAME = "$(TARGET_NAME)";
				TEST_HOST = "$(BUNDLE_LOADER)";
				WRAPPER_EXTENSION = xctest;
			};
			name = Debug;
		};
		AB4639C118A561360081E912 /* Release */ = {
			isa = XCBuildConfiguration;
			baseConfigurationReference = E53B20EE463141C2BB45E4F2 /* Pods-RGRSSTestsXC.xcconfig */;
			buildSettings = {
				ARCHS = "$(ARCHS_STANDARD_INCLUDING_64_BIT)";
				BUNDLE_LOADER = "$(BUILT_PRODUCTS_DIR)/RGRSS.app/RGRSS";
				CLANG_ENABLE_MODULES = YES;
				CLANG_WARN_BOOL_CONVERSION = YES;
				CLANG_WARN_DIRECT_OBJC_ISA_USAGE = YES_ERROR;
				CLANG_WARN_OBJC_ROOT_CLASS = YES_ERROR;
				ENABLE_NS_ASSERTIONS = NO;
				FRAMEWORK_SEARCH_PATHS = (
					"$(SDKROOT)/Developer/Library/Frameworks",
					"$(inherited)",
					"$(DEVELOPER_FRAMEWORKS_DIR)",
				);
				GCC_PRECOMPILE_PREFIX_HEADER = YES;
				GCC_PREFIX_HEADER = "RGRSSTestsXC/RGRSSTestsXC-Prefix.pch";
				GCC_WARN_64_TO_32_BIT_CONVERSION = YES;
				GCC_WARN_ABOUT_RETURN_TYPE = YES_ERROR;
				GCC_WARN_UNDECLARED_SELECTOR = YES;
				GCC_WARN_UNUSED_FUNCTION = YES;
				INFOPLIST_FILE = "RGRSSTestsXC/RGRSSTestsXC-Info.plist";
				IPHONEOS_DEPLOYMENT_TARGET = 7.0;
				PRODUCT_NAME = "$(TARGET_NAME)";
				TEST_HOST = "$(BUNDLE_LOADER)";
				WRAPPER_EXTENSION = xctest;
			};
			name = Release;
		};
		AB712B61175A8A860039AC42 /* Debug */ = {
			isa = XCBuildConfiguration;
			buildSettings = {
				ALWAYS_SEARCH_USER_PATHS = NO;
				CLANG_CXX_LANGUAGE_STANDARD = "gnu++0x";
				CLANG_CXX_LIBRARY = "libc++";
				CLANG_ENABLE_OBJC_ARC = YES;
				CLANG_WARN_CONSTANT_CONVERSION = YES;
				CLANG_WARN_EMPTY_BODY = YES;
				CLANG_WARN_ENUM_CONVERSION = YES;
				CLANG_WARN_INT_CONVERSION = YES;
				CLANG_WARN__DUPLICATE_METHOD_MATCH = YES;
				"CODE_SIGN_IDENTITY[sdk=iphoneos*]" = "iPhone Developer";
				COPY_PHASE_STRIP = NO;
				GCC_C_LANGUAGE_STANDARD = gnu99;
				GCC_DYNAMIC_NO_PIC = NO;
				GCC_OPTIMIZATION_LEVEL = 0;
				GCC_PREPROCESSOR_DEFINITIONS = (
					"DEBUG=1",
					"$(inherited)",
				);
				GCC_SYMBOLS_PRIVATE_EXTERN = NO;
				GCC_WARN_ABOUT_RETURN_TYPE = YES;
				GCC_WARN_UNINITIALIZED_AUTOS = YES;
				GCC_WARN_UNUSED_VARIABLE = YES;
				IPHONEOS_DEPLOYMENT_TARGET = 6.1;
				ONLY_ACTIVE_ARCH = YES;
				SDKROOT = iphoneos;
				TARGETED_DEVICE_FAMILY = "1,2";
			};
			name = Debug;
		};
		AB712B62175A8A860039AC42 /* Release */ = {
			isa = XCBuildConfiguration;
			buildSettings = {
				ALWAYS_SEARCH_USER_PATHS = NO;
				CLANG_CXX_LANGUAGE_STANDARD = "gnu++0x";
				CLANG_CXX_LIBRARY = "libc++";
				CLANG_ENABLE_OBJC_ARC = YES;
				CLANG_WARN_CONSTANT_CONVERSION = YES;
				CLANG_WARN_EMPTY_BODY = YES;
				CLANG_WARN_ENUM_CONVERSION = YES;
				CLANG_WARN_INT_CONVERSION = YES;
				CLANG_WARN__DUPLICATE_METHOD_MATCH = YES;
				"CODE_SIGN_IDENTITY[sdk=iphoneos*]" = "iPhone Developer";
				COPY_PHASE_STRIP = YES;
				GCC_C_LANGUAGE_STANDARD = gnu99;
				GCC_WARN_ABOUT_RETURN_TYPE = YES;
				GCC_WARN_UNINITIALIZED_AUTOS = YES;
				GCC_WARN_UNUSED_VARIABLE = YES;
				IPHONEOS_DEPLOYMENT_TARGET = 6.1;
				OTHER_CFLAGS = "-DNS_BLOCK_ASSERTIONS=1";
				SDKROOT = iphoneos;
				TARGETED_DEVICE_FAMILY = "1,2";
				VALIDATE_PRODUCT = YES;
			};
			name = Release;
		};
		AB712B64175A8A860039AC42 /* Debug */ = {
			isa = XCBuildConfiguration;
			baseConfigurationReference = FAF87759D20D4E1C8398E139 /* Pods.xcconfig */;
			buildSettings = {
				GCC_PRECOMPILE_PREFIX_HEADER = YES;
				GCC_PREFIX_HEADER = "RGRSS/RGRSS-Prefix.pch";
				INFOPLIST_FILE = "RGRSS/RGRSS-Info.plist";
				PRODUCT_NAME = "$(TARGET_NAME)";
				WRAPPER_EXTENSION = app;
			};
			name = Debug;
		};
		AB712B65175A8A860039AC42 /* Release */ = {
			isa = XCBuildConfiguration;
			baseConfigurationReference = FAF87759D20D4E1C8398E139 /* Pods.xcconfig */;
			buildSettings = {
				GCC_PRECOMPILE_PREFIX_HEADER = YES;
				GCC_PREFIX_HEADER = "RGRSS/RGRSS-Prefix.pch";
				INFOPLIST_FILE = "RGRSS/RGRSS-Info.plist";
				PRODUCT_NAME = "$(TARGET_NAME)";
				WRAPPER_EXTENSION = app;
			};
			name = Release;
		};
		AB712B67175A8A860039AC42 /* Debug */ = {
			isa = XCBuildConfiguration;
			baseConfigurationReference = FAF87759D20D4E1C8398E139 /* Pods.xcconfig */;
			buildSettings = {
				BUNDLE_LOADER = "$(BUILT_PRODUCTS_DIR)/RGRSS.app/RGRSS";
				FRAMEWORK_SEARCH_PATHS = (
					"\"$(SDKROOT)/Developer/Library/Frameworks\"",
					"\"$(DEVELOPER_LIBRARY_DIR)/Frameworks\"",
				);
				GCC_PRECOMPILE_PREFIX_HEADER = YES;
				GCC_PREFIX_HEADER = "RGRSS/RGRSS-Prefix.pch";
				INFOPLIST_FILE = "RGRSSTests/RGRSSTests-Info.plist";
				PRODUCT_NAME = "$(TARGET_NAME)";
				TEST_HOST = "$(BUNDLE_LOADER)";
				WRAPPER_EXTENSION = octest;
			};
			name = Debug;
		};
		AB712B68175A8A860039AC42 /* Release */ = {
			isa = XCBuildConfiguration;
			buildSettings = {
				BUNDLE_LOADER = "$(BUILT_PRODUCTS_DIR)/RGRSS.app/RGRSS";
				FRAMEWORK_SEARCH_PATHS = (
					"\"$(SDKROOT)/Developer/Library/Frameworks\"",
					"\"$(DEVELOPER_LIBRARY_DIR)/Frameworks\"",
				);
				GCC_PRECOMPILE_PREFIX_HEADER = YES;
				GCC_PREFIX_HEADER = "RGRSS/RGRSS-Prefix.pch";
				INFOPLIST_FILE = "RGRSSTests/RGRSSTests-Info.plist";
				PRODUCT_NAME = "$(TARGET_NAME)";
				TEST_HOST = "$(BUNDLE_LOADER)";
				WRAPPER_EXTENSION = octest;
			};
			name = Release;
		};
		AB73502D175B76040006E22D /* Debug */ = {
			isa = XCBuildConfiguration;
			buildSettings = {
				PRODUCT_NAME = "$(TARGET_NAME)";
			};
			name = Debug;
		};
		AB73502E175B76040006E22D /* Release */ = {
			isa = XCBuildConfiguration;
			buildSettings = {
				PRODUCT_NAME = "$(TARGET_NAME)";
			};
			name = Release;
		};
/* End XCBuildConfiguration section */

/* Begin XCConfigurationList section */
		AB4639C218A561360081E912 /* Build configuration list for PBXNativeTarget "RGRSSTestsXC" */ = {
			isa = XCConfigurationList;
			buildConfigurations = (
				AB4639C018A561360081E912 /* Debug */,
				AB4639C118A561360081E912 /* Release */,
			);
			defaultConfigurationIsVisible = 0;
			defaultConfigurationName = Release;
		};
		AB712B1A175A8A850039AC42 /* Build configuration list for PBXProject "RGRSS" */ = {
			isa = XCConfigurationList;
			buildConfigurations = (
				AB712B61175A8A860039AC42 /* Debug */,
				AB712B62175A8A860039AC42 /* Release */,
			);
			defaultConfigurationIsVisible = 0;
			defaultConfigurationName = Release;
		};
		AB712B63175A8A860039AC42 /* Build configuration list for PBXNativeTarget "RGRSS" */ = {
			isa = XCConfigurationList;
			buildConfigurations = (
				AB712B64175A8A860039AC42 /* Debug */,
				AB712B65175A8A860039AC42 /* Release */,
			);
			defaultConfigurationIsVisible = 0;
			defaultConfigurationName = Release;
		};
		AB712B66175A8A860039AC42 /* Build configuration list for PBXNativeTarget "RGRSSTests" */ = {
			isa = XCConfigurationList;
			buildConfigurations = (
				AB712B67175A8A860039AC42 /* Debug */,
				AB712B68175A8A860039AC42 /* Release */,
			);
			defaultConfigurationIsVisible = 0;
			defaultConfigurationName = Release;
		};
		AB73502C175B76040006E22D /* Build configuration list for PBXAggregateTarget "Mogenerator" */ = {
			isa = XCConfigurationList;
			buildConfigurations = (
				AB73502D175B76040006E22D /* Debug */,
				AB73502E175B76040006E22D /* Release */,
			);
			defaultConfigurationIsVisible = 0;
			defaultConfigurationName = Release;
		};
/* End XCConfigurationList section */

/* Begin XCVersionGroup section */
		AB712B42175A8A860039AC42 /* RGRSS.xcdatamodeld */ = {
			isa = XCVersionGroup;
			children = (
				AB712B43175A8A860039AC42 /* RGRSS.xcdatamodel */,
			);
			currentVersion = AB712B43175A8A860039AC42 /* RGRSS.xcdatamodel */;
			path = RGRSS.xcdatamodeld;
			sourceTree = "<group>";
			versionGroupType = wrapper.xcdatamodel;
		};
/* End XCVersionGroup section */
	};
	rootObject = AB712B17175A8A850039AC42 /* Project object */;
}
